// !$*UTF8*$!
{
	archiveVersion = 1;
	classes = {
	};
	objectVersion = 77;
	objects = {

/* Begin PBXContainerItemProxy section */
		A7E41DC02E86A1B500FBEF3E /* PBXContainerItemProxy */ = {
			isa = PBXContainerItemProxy;
			containerPortal = A7E41DAA2E86A1B400FBEF3E /* Project object */;
			proxyType = 1;
			remoteGlobalIDString = A7E41DB12E86A1B400FBEF3E;
			remoteInfo = PrefireExample;
		};
		A7E41DCA2E86A1B500FBEF3E /* PBXContainerItemProxy */ = {
			isa = PBXContainerItemProxy;
			containerPortal = A7E41DAA2E86A1B400FBEF3E /* Project object */;
			proxyType = 1;
			remoteGlobalIDString = A7E41DB12E86A1B400FBEF3E;
			remoteInfo = PrefireExample;
		};
/* End PBXContainerItemProxy section */

/* Begin PBXFileReference section */
		A7E41DB22E86A1B400FBEF3E /* PrefireExample.app */ = {isa = PBXFileReference; explicitFileType = wrapper.application; includeInIndex = 0; path = PrefireExample.app; sourceTree = BUILT_PRODUCTS_DIR; };
		A7E41DBF2E86A1B500FBEF3E /* PrefireExampleTests.xctest */ = {isa = PBXFileReference; explicitFileType = wrapper.cfbundle; includeInIndex = 0; path = PrefireExampleTests.xctest; sourceTree = BUILT_PRODUCTS_DIR; };
		A7E41DC92E86A1B500FBEF3E /* PrefireExampleUITests.xctest */ = {isa = PBXFileReference; explicitFileType = wrapper.cfbundle; includeInIndex = 0; path = PrefireExampleUITests.xctest; sourceTree = BUILT_PRODUCTS_DIR; };
/* End PBXFileReference section */

/* Begin PBXFileSystemSynchronizedRootGroup section */
		A7E41DB42E86A1B400FBEF3E /* PrefireExample */ = {
			isa = PBXFileSystemSynchronizedRootGroup;
			path = PrefireExample;
			sourceTree = "<group>";
		};
		A7E41DC22E86A1B500FBEF3E /* PrefireExampleTests */ = {
			isa = PBXFileSystemSynchronizedRootGroup;
			path = PrefireExampleTests;
			sourceTree = "<group>";
		};
		A7E41DCC2E86A1B500FBEF3E /* PrefireExampleUITests */ = {
			isa = PBXFileSystemSynchronizedRootGroup;
			path = PrefireExampleUITests;
			sourceTree = "<group>";
		};
/* End PBXFileSystemSynchronizedRootGroup section */

/* Begin PBXFrameworksBuildPhase section */
		A7E41DAF2E86A1B400FBEF3E /* Frameworks */ = {
			isa = PBXFrameworksBuildPhase;
			buildActionMask = 2147483647;
			files = (
			);
			runOnlyForDeploymentPostprocessing = 0;
		};
		A7E41DBC2E86A1B500FBEF3E /* Frameworks */ = {
			isa = PBXFrameworksBuildPhase;
			buildActionMask = 2147483647;
			files = (
			);
			runOnlyForDeploymentPostprocessing = 0;
		};
		A7E41DC62E86A1B500FBEF3E /* Frameworks */ = {
			isa = PBXFrameworksBuildPhase;
			buildActionMask = 2147483647;
			files = (
			);
			runOnlyForDeploymentPostprocessing = 0;
		};
/* End PBXFrameworksBuildPhase section */

/* Begin PBXGroup section */
		A7E41DA92E86A1B400FBEF3E = {
			isa = PBXGroup;
			children = (
				A7E41DB42E86A1B400FBEF3E /* PrefireExample */,
				A7E41DC22E86A1B500FBEF3E /* PrefireExampleTests */,
				A7E41DCC2E86A1B500FBEF3E /* PrefireExampleUITests */,
				A7E41DB32E86A1B400FBEF3E /* Products */,
			);
			sourceTree = "<group>";
		};
		A7E41DB32E86A1B400FBEF3E /* Products */ = {
			isa = PBXGroup;
			children = (
				A7E41DB22E86A1B400FBEF3E /* PrefireExample.app */,
				A7E41DBF2E86A1B500FBEF3E /* PrefireExampleTests.xctest */,
				A7E41DC92E86A1B500FBEF3E /* PrefireExampleUITests.xctest */,
			);
			name = Products;
			sourceTree = "<group>";
		};
/* End PBXGroup section */

/* Begin PBXNativeTarget section */
		A7E41DB12E86A1B400FBEF3E /* PrefireExample */ = {
			isa = PBXNativeTarget;
			buildConfigurationList = A7E41DD32E86A1B500FBEF3E /* Build configuration list for PBXNativeTarget "PrefireExample" */;
			buildPhases = (
				A7E41DAE2E86A1B400FBEF3E /* Sources */,
				A7E41DAF2E86A1B400FBEF3E /* Frameworks */,
				A7E41DB02E86A1B400FBEF3E /* Resources */,
			);
			buildRules = (
			);
			dependencies = (
			);
			fileSystemSynchronizedGroups = (
				A7E41DB42E86A1B400FBEF3E /* PrefireExample */,
			);
			name = PrefireExample;
			packageProductDependencies = (
			);
			productName = PrefireExample;
			productReference = A7E41DB22E86A1B400FBEF3E /* PrefireExample.app */;
			productType = "com.apple.product-type.application";
		};
		A7E41DBE2E86A1B500FBEF3E /* PrefireExampleTests */ = {
			isa = PBXNativeTarget;
			buildConfigurationList = A7E41DD62E86A1B500FBEF3E /* Build configuration list for PBXNativeTarget "PrefireExampleTests" */;
			buildPhases = (
				A7E41DBB2E86A1B500FBEF3E /* Sources */,
				A7E41DBC2E86A1B500FBEF3E /* Frameworks */,
				A7E41DBD2E86A1B500FBEF3E /* Resources */,
			);
			buildRules = (
			);
			dependencies = (
				A7E41DC12E86A1B500FBEF3E /* PBXTargetDependency */,
			);
			fileSystemSynchronizedGroups = (
				A7E41DC22E86A1B500FBEF3E /* PrefireExampleTests */,
			);
			name = PrefireExampleTests;
			packageProductDependencies = (
			);
			productName = PrefireExampleTests;
			productReference = A7E41DBF2E86A1B500FBEF3E /* PrefireExampleTests.xctest */;
			productType = "com.apple.product-type.bundle.unit-test";
		};
		A7E41DC82E86A1B500FBEF3E /* PrefireExampleUITests */ = {
			isa = PBXNativeTarget;
			buildConfigurationList = A7E41DD92E86A1B500FBEF3E /* Build configuration list for PBXNativeTarget "PrefireExampleUITests" */;
			buildPhases = (
				A7E41DC52E86A1B500FBEF3E /* Sources */,
				A7E41DC62E86A1B500FBEF3E /* Frameworks */,
				A7E41DC72E86A1B500FBEF3E /* Resources */,
			);
			buildRules = (
			);
			dependencies = (
				A7E41DCB2E86A1B500FBEF3E /* PBXTargetDependency */,
			);
			fileSystemSynchronizedGroups = (
				A7E41DCC2E86A1B500FBEF3E /* PrefireExampleUITests */,
			);
			name = PrefireExampleUITests;
			packageProductDependencies = (
			);
			productName = PrefireExampleUITests;
			productReference = A7E41DC92E86A1B500FBEF3E /* PrefireExampleUITests.xctest */;
			productType = "com.apple.product-type.bundle.ui-testing";
		};
/* End PBXNativeTarget section */

/* Begin PBXProject section */
		A7E41DAA2E86A1B400FBEF3E /* Project object */ = {
			isa = PBXProject;
			attributes = {
				BuildIndependentTargetsInParallel = 1;
				LastSwiftUpdateCheck = 1640;
				LastUpgradeCheck = 1640;
				TargetAttributes = {
					A7E41DB12E86A1B400FBEF3E = {
						CreatedOnToolsVersion = 16.4;
					};
					A7E41DBE2E86A1B500FBEF3E = {
						CreatedOnToolsVersion = 16.4;
						TestTargetID = A7E41DB12E86A1B400FBEF3E;
					};
					A7E41DC82E86A1B500FBEF3E = {
						CreatedOnToolsVersion = 16.4;
						TestTargetID = A7E41DB12E86A1B400FBEF3E;
					};
				};
			};
			buildConfigurationList = A7E41DAD2E86A1B400FBEF3E /* Build configuration list for PBXProject "PrefireExample" */;
			developmentRegion = en;
			hasScannedForEncodings = 0;
			knownRegions = (
				en,
				Base,
			);
			mainGroup = A7E41DA92E86A1B400FBEF3E;
			minimizedProjectReferenceProxies = 1;
			preferredProjectObjectVersion = 77;
			productRefGroup = A7E41DB32E86A1B400FBEF3E /* Products */;
			projectDirPath = "";
			projectRoot = "";
			targets = (
				A7E41DB12E86A1B400FBEF3E /* PrefireExample */,
				A7E41DBE2E86A1B500FBEF3E /* PrefireExampleTests */,
				A7E41DC82E86A1B500FBEF3E /* PrefireExampleUITests */,
			);
		};
/* End PBXProject section */

/* Begin PBXResourcesBuildPhase section */
		A7E41DB02E86A1B400FBEF3E /* Resources */ = {
			isa = PBXResourcesBuildPhase;
			buildActionMask = 2147483647;
			files = (
			);
			runOnlyForDeploymentPostprocessing = 0;
		};
		A7E41DBD2E86A1B500FBEF3E /* Resources */ = {
			isa = PBXResourcesBuildPhase;
			buildActionMask = 2147483647;
			files = (
			);
			runOnlyForDeploymentPostprocessing = 0;
		};
		A7E41DC72E86A1B500FBEF3E /* Resources */ = {
			isa = PBXResourcesBuildPhase;
			buildActionMask = 2147483647;
			files = (
			);
			runOnlyForDeploymentPostprocessing = 0;
		};
/* End PBXResourcesBuildPhase section */

/* Begin PBXSourcesBuildPhase section */
		A7E41DAE2E86A1B400FBEF3E /* Sources */ = {
			isa = PBXSourcesBuildPhase;
			buildActionMask = 2147483647;
			files = (
			);
			runOnlyForDeploymentPostprocessing = 0;
		};
		A7E41DBB2E86A1B500FBEF3E /* Sources */ = {
			isa = PBXSourcesBuildPhase;
			buildActionMask = 2147483647;
			files = (
			);
			runOnlyForDeploymentPostprocessing = 0;
		};
		A7E41DC52E86A1B500FBEF3E /* Sources */ = {
			isa = PBXSourcesBuildPhase;
			buildActionMask = 2147483647;
			files = (
			);
			runOnlyForDeploymentPostprocessing = 0;
		};
/* End PBXSourcesBuildPhase section */

/* Begin PBXTargetDependency section */
		A7E41DC12E86A1B500FBEF3E /* PBXTargetDependency */ = {
			isa = PBXTargetDependency;
			target = A7E41DB12E86A1B400FBEF3E /* PrefireExample */;
			targetProxy = A7E41DC02E86A1B500FBEF3E /* PBXContainerItemProxy */;
		};
		A7E41DCB2E86A1B500FBEF3E /* PBXTargetDependency */ = {
			isa = PBXTargetDependency;
			target = A7E41DB12E86A1B400FBEF3E /* PrefireExample */;
			targetProxy = A7E41DCA2E86A1B500FBEF3E /* PBXContainerItemProxy */;
		};
/* End PBXTargetDependency section */

/* Begin XCBuildConfiguration section */
		A7E41DD12E86A1B500FBEF3E /* Debug */ = {
			isa = XCBuildConfiguration;
			buildSettings = {
				ALWAYS_SEARCH_USER_PATHS = NO;
				ASSETCATALOG_COMPILER_GENERATE_SWIFT_ASSET_SYMBOL_EXTENSIONS = YES;
				CLANG_ANALYZER_NONNULL = YES;
				CLANG_ANALYZER_NUMBER_OBJECT_CONVERSION = YES_AGGRESSIVE;
				CLANG_CXX_LANGUAGE_STANDARD = "gnu++20";
				CLANG_ENABLE_MODULES = YES;
				CLANG_ENABLE_OBJC_ARC = YES;
				CLANG_ENABLE_OBJC_WEAK = YES;
				CLANG_WARN_BLOCK_CAPTURE_AUTORELEASING = YES;
				CLANG_WARN_BOOL_CONVERSION = YES;
				CLANG_WARN_COMMA = YES;
				CLANG_WARN_CONSTANT_CONVERSION = YES;
				CLANG_WARN_DEPRECATED_OBJC_IMPLEMENTATIONS = YES;
				CLANG_WARN_DIRECT_OBJC_ISA_USAGE = YES_ERROR;
				CLANG_WARN_DOCUMENTATION_COMMENTS = YES;
				CLANG_WARN_EMPTY_BODY = YES;
				CLANG_WARN_ENUM_CONVERSION = YES;
				CLANG_WARN_INFINITE_RECURSION = YES;
				CLANG_WARN_INT_CONVERSION = YES;
				CLANG_WARN_NON_LITERAL_NULL_CONVERSION = YES;
				CLANG_WARN_OBJC_IMPLICIT_RETAIN_SELF = YES;
				CLANG_WARN_OBJC_LITERAL_CONVERSION = YES;
				CLANG_WARN_OBJC_ROOT_CLASS = YES_ERROR;
				CLANG_WARN_QUOTED_INCLUDE_IN_FRAMEWORK_HEADER = YES;
				CLANG_WARN_RANGE_LOOP_ANALYSIS = YES;
				CLANG_WARN_STRICT_PROTOTYPES = YES;
				CLANG_WARN_SUSPICIOUS_MOVE = YES;
				CLANG_WARN_UNGUARDED_AVAILABILITY = YES_AGGRESSIVE;
				CLANG_WARN_UNREACHABLE_CODE = YES;
				CLANG_WARN__DUPLICATE_METHOD_MATCH = YES;
				COPY_PHASE_STRIP = NO;
				DEBUG_INFORMATION_FORMAT = dwarf;
				ENABLE_STRICT_OBJC_MSGSEND = YES;
				ENABLE_TESTABILITY = YES;
				ENABLE_USER_SCRIPT_SANDBOXING = YES;
				GCC_C_LANGUAGE_STANDARD = gnu17;
				GCC_DYNAMIC_NO_PIC = NO;
				GCC_NO_COMMON_BLOCKS = YES;
				GCC_OPTIMIZATION_LEVEL = 0;
				GCC_PREPROCESSOR_DEFINITIONS = (
					"DEBUG=1",
					"$(inherited)",
				);
				GCC_WARN_64_TO_32_BIT_CONVERSION = YES;
				GCC_WARN_ABOUT_RETURN_TYPE = YES_ERROR;
				GCC_WARN_UNDECLARED_SELECTOR = YES;
				GCC_WARN_UNINITIALIZED_AUTOS = YES_AGGRESSIVE;
				GCC_WARN_UNUSED_FUNCTION = YES;
				GCC_WARN_UNUSED_VARIABLE = YES;
				IPHONEOS_DEPLOYMENT_TARGET = 18.5;
				LOCALIZATION_PREFERS_STRING_CATALOGS = YES;
				MTL_ENABLE_DEBUG_INFO = INCLUDE_SOURCE;
				MTL_FAST_MATH = YES;
				ONLY_ACTIVE_ARCH = YES;
				SDKROOT = iphoneos;
				SWIFT_ACTIVE_COMPILATION_CONDITIONS = "DEBUG $(inherited)";
				SWIFT_OPTIMIZATION_LEVEL = "-Onone";
			};
			name = Debug;
		};
		A7E41DD22E86A1B500FBEF3E /* Release */ = {
			isa = XCBuildConfiguration;
			buildSettings = {
				ALWAYS_SEARCH_USER_PATHS = NO;
				ASSETCATALOG_COMPILER_GENERATE_SWIFT_ASSET_SYMBOL_EXTENSIONS = YES;
				CLANG_ANALYZER_NONNULL = YES;
				CLANG_ANALYZER_NUMBER_OBJECT_CONVERSION = YES_AGGRESSIVE;
				CLANG_CXX_LANGUAGE_STANDARD = "gnu++20";
				CLANG_ENABLE_MODULES = YES;
				CLANG_ENABLE_OBJC_ARC = YES;
				CLANG_ENABLE_OBJC_WEAK = YES;
				CLANG_WARN_BLOCK_CAPTURE_AUTORELEASING = YES;
				CLANG_WARN_BOOL_CONVERSION = YES;
				CLANG_WARN_COMMA = YES;
				CLANG_WARN_CONSTANT_CONVERSION = YES;
				CLANG_WARN_DEPRECATED_OBJC_IMPLEMENTATIONS = YES;
				CLANG_WARN_DIRECT_OBJC_ISA_USAGE = YES_ERROR;
				CLANG_WARN_DOCUMENTATION_COMMENTS = YES;
				CLANG_WARN_EMPTY_BODY = YES;
				CLANG_WARN_ENUM_CONVERSION = YES;
				CLANG_WARN_INFINITE_RECURSION = YES;
				CLANG_WARN_INT_CONVERSION = YES;
				CLANG_WARN_NON_LITERAL_NULL_CONVERSION = YES;
				CLANG_WARN_OBJC_IMPLICIT_RETAIN_SELF = YES;
				CLANG_WARN_OBJC_LITERAL_CONVERSION = YES;
				CLANG_WARN_OBJC_ROOT_CLASS = YES_ERROR;
				CLANG_WARN_QUOTED_INCLUDE_IN_FRAMEWORK_HEADER = YES;
				CLANG_WARN_RANGE_LOOP_ANALYSIS = YES;
				CLANG_WARN_STRICT_PROTOTYPES = YES;
				CLANG_WARN_SUSPICIOUS_MOVE = YES;
				CLANG_WARN_UNGUARDED_AVAILABILITY = YES_AGGRESSIVE;
				CLANG_WARN_UNREACHABLE_CODE = YES;
				CLANG_WARN__DUPLICATE_METHOD_MATCH = YES;
				COPY_PHASE_STRIP = NO;
				DEBUG_INFORMATION_FORMAT = "dwarf-with-dsym";
				ENABLE_NS_ASSERTIONS = NO;
				ENABLE_STRICT_OBJC_MSGSEND = YES;
				ENABLE_USER_SCRIPT_SANDBOXING = YES;
				GCC_C_LANGUAGE_STANDARD = gnu17;
				GCC_NO_COMMON_BLOCKS = YES;
				GCC_WARN_64_TO_32_BIT_CONVERSION = YES;
				GCC_WARN_ABOUT_RETURN_TYPE = YES_ERROR;
				GCC_WARN_UNDECLARED_SELECTOR = YES;
				GCC_WARN_UNINITIALIZED_AUTOS = YES_AGGRESSIVE;
				GCC_WARN_UNUSED_FUNCTION = YES;
				GCC_WARN_UNUSED_VARIABLE = YES;
				IPHONEOS_DEPLOYMENT_TARGET = 18.5;
				LOCALIZATION_PREFERS_STRING_CATALOGS = YES;
				MTL_ENABLE_DEBUG_INFO = NO;
				MTL_FAST_MATH = YES;
				SDKROOT = iphoneos;
				SWIFT_COMPILATION_MODE = wholemodule;
				VALIDATE_PRODUCT = YES;
			};
			name = Release;
		};
		A7E41DD42E86A1B500FBEF3E /* Debug */ = {
			isa = XCBuildConfiguration;
			buildSettings = {
				ASSETCATALOG_COMPILER_APPICON_NAME = AppIcon;
				ASSETCATALOG_COMPILER_GLOBAL_ACCENT_COLOR_NAME = AccentColor;
				CODE_SIGN_STYLE = Automatic;
				CURRENT_PROJECT_VERSION = 1;
				DEVELOPMENT_TEAM = HQ25CUJ52L;
				ENABLE_PREVIEWS = YES;
				GENERATE_INFOPLIST_FILE = YES;
				INFOPLIST_KEY_UIApplicationSceneManifest_Generation = YES;
				INFOPLIST_KEY_UIApplicationSupportsIndirectInputEvents = YES;
				INFOPLIST_KEY_UILaunchScreen_Generation = YES;
				INFOPLIST_KEY_UISupportedInterfaceOrientations_iPad = "UIInterfaceOrientationPortrait UIInterfaceOrientationPortraitUpsideDown UIInterfaceOrientationLandscapeLeft UIInterfaceOrientationLandscapeRight";
				INFOPLIST_KEY_UISupportedInterfaceOrientations_iPhone = "UIInterfaceOrientationPortrait UIInterfaceOrientationLandscapeLeft UIInterfaceOrientationLandscapeRight";
				LD_RUNPATH_SEARCH_PATHS = (
					"$(inherited)",
					"@executable_path/Frameworks",
				);
				MARKETING_VERSION = 1.0;
				PRODUCT_BUNDLE_IDENTIFIER = io.screenshotbot.PrefireExample;
				PRODUCT_NAME = "$(TARGET_NAME)";
				SWIFT_EMIT_LOC_STRINGS = YES;
				SWIFT_VERSION = 5.0;
				TARGETED_DEVICE_FAMILY = "1,2";
			};
			name = Debug;
		};
		A7E41DD52E86A1B500FBEF3E /* Release */ = {
			isa = XCBuildConfiguration;
			buildSettings = {
				ASSETCATALOG_COMPILER_APPICON_NAME = AppIcon;
				ASSETCATALOG_COMPILER_GLOBAL_ACCENT_COLOR_NAME = AccentColor;
				CODE_SIGN_STYLE = Automatic;
				CURRENT_PROJECT_VERSION = 1;
				ENABLE_PREVIEWS = YES;
				GENERATE_INFOPLIST_FILE = YES;
				INFOPLIST_KEY_UIApplicationSceneManifest_Generation = YES;
				INFOPLIST_KEY_UIApplicationSupportsIndirectInputEvents = YES;
				INFOPLIST_KEY_UILaunchScreen_Generation = YES;
				INFOPLIST_KEY_UISupportedInterfaceOrientations_iPad = "UIInterfaceOrientationPortrait UIInterfaceOrientationPortraitUpsideDown UIInterfaceOrientationLandscapeLeft UIInterfaceOrientationLandscapeRight";
				INFOPLIST_KEY_UISupportedInterfaceOrientations_iPhone = "UIInterfaceOrientationPortrait UIInterfaceOrientationLandscapeLeft UIInterfaceOrientationLandscapeRight";
				LD_RUNPATH_SEARCH_PATHS = (
					"$(inherited)",
					"@executable_path/Frameworks",
				);
				MARKETING_VERSION = 1.0;
				PRODUCT_BUNDLE_IDENTIFIER = io.screenshotbot.PrefireExample;
				PRODUCT_NAME = "$(TARGET_NAME)";
				SWIFT_EMIT_LOC_STRINGS = YES;
				SWIFT_VERSION = 5.0;
				TARGETED_DEVICE_FAMILY = "1,2";
			};
			name = Release;
		};
		A7E41DD72E86A1B500FBEF3E /* Debug */ = {
			isa = XCBuildConfiguration;
			buildSettings = {
				BUNDLE_LOADER = "$(TEST_HOST)";
				CODE_SIGN_STYLE = Automatic;
				CURRENT_PROJECT_VERSION = 1;
				GENERATE_INFOPLIST_FILE = YES;
				IPHONEOS_DEPLOYMENT_TARGET = 18.5;
				MARKETING_VERSION = 1.0;
				PRODUCT_BUNDLE_IDENTIFIER = io.screenshotbot.PrefireExampleTests;
				PRODUCT_NAME = "$(TARGET_NAME)";
				SWIFT_EMIT_LOC_STRINGS = NO;
				SWIFT_VERSION = 5.0;
				TARGETED_DEVICE_FAMILY = "1,2";
				TEST_HOST = "$(BUILT_PRODUCTS_DIR)/PrefireExample.app/$(BUNDLE_EXECUTABLE_FOLDER_PATH)/PrefireExample";
			};
			name = Debug;
		};
		A7E41DD82E86A1B500FBEF3E /* Release */ = {
			isa = XCBuildConfiguration;
			buildSettings = {
				BUNDLE_LOADER = "$(TEST_HOST)";
				CODE_SIGN_STYLE = Automatic;
				CURRENT_PROJECT_VERSION = 1;
				GENERATE_INFOPLIST_FILE = YES;
				IPHONEOS_DEPLOYMENT_TARGET = 18.5;
				MARKETING_VERSION = 1.0;
				PRODUCT_BUNDLE_IDENTIFIER = io.screenshotbot.PrefireExampleTests;
				PRODUCT_NAME = "$(TARGET_NAME)";
				SWIFT_EMIT_LOC_STRINGS = NO;
				SWIFT_VERSION = 5.0;
				TARGETED_DEVICE_FAMILY = "1,2";
				TEST_HOST = "$(BUILT_PRODUCTS_DIR)/PrefireExample.app/$(BUNDLE_EXECUTABLE_FOLDER_PATH)/PrefireExample";
			};
			name = Release;
		};
		A7E41DDA2E86A1B500FBEF3E /* Debug */ = {
			isa = XCBuildConfiguration;
			buildSettings = {
				CODE_SIGN_STYLE = Automatic;
				CURRENT_PROJECT_VERSION = 1;
				GENERATE_INFOPLIST_FILE = YES;
				MARKETING_VERSION = 1.0;
				PRODUCT_BUNDLE_IDENTIFIER = io.screenshotbot.PrefireExampleUITests;
				PRODUCT_NAME = "$(TARGET_NAME)";
				SWIFT_EMIT_LOC_STRINGS = NO;
				SWIFT_VERSION = 5.0;
				TARGETED_DEVICE_FAMILY = "1,2";
				TEST_TARGET_NAME = PrefireExample;
			};
			name = Debug;
		};
		A7E41DDB2E86A1B500FBEF3E /* Release */ = {
			isa = XCBuildConfiguration;
			buildSettings = {
				CODE_SIGN_STYLE = Automatic;
				CURRENT_PROJECT_VERSION = 1;
				GENERATE_INFOPLIST_FILE = YES;
				MARKETING_VERSION = 1.0;
				PRODUCT_BUNDLE_IDENTIFIER = io.screenshotbot.PrefireExampleUITests;
				PRODUCT_NAME = "$(TARGET_NAME)";
				SWIFT_EMIT_LOC_STRINGS = NO;
				SWIFT_VERSION = 5.0;
				TARGETED_DEVICE_FAMILY = "1,2";
				TEST_TARGET_NAME = PrefireExample;
			};
			name = Release;
		};
/* End XCBuildConfiguration section */

/* Begin XCConfigurationList section */
		A7E41DAD2E86A1B400FBEF3E /* Build configuration list for PBXProject "PrefireExample" */ = {
			isa = XCConfigurationList;
			buildConfigurations = (
				A7E41DD12E86A1B500FBEF3E /* Debug */,
				A7E41DD22E86A1B500FBEF3E /* Release */,
			);
			defaultConfigurationIsVisible = 0;
			defaultConfigurationName = Release;
		};
		A7E41DD32E86A1B500FBEF3E /* Build configuration list for PBXNativeTarget "PrefireExample" */ = {
			isa = XCConfigurationList;
			buildConfigurations = (
				A7E41DD42E86A1B500FBEF3E /* Debug */,
				A7E41DD52E86A1B500FBEF3E /* Release */,
			);
			defaultConfigurationIsVisible = 0;
			defaultConfigurationName = Release;
		};
		A7E41DD62E86A1B500FBEF3E /* Build configuration list for PBXNativeTarget "PrefireExampleTests" */ = {
			isa = XCConfigurationList;
			buildConfigurations = (
				A7E41DD72E86A1B500FBEF3E /* Debug */,
				A7E41DD82E86A1B500FBEF3E /* Release */,
			);
			defaultConfigurationIsVisible = 0;
			defaultConfigurationName = Release;
		};
		A7E41DD92E86A1B500FBEF3E /* Build configuration list for PBXNativeTarget "PrefireExampleUITests" */ = {
			isa = XCConfigurationList;
			buildConfigurations = (
				A7E41DDA2E86A1B500FBEF3E /* Debug */,
				A7E41DDB2E86A1B500FBEF3E /* Release */,
			);
			defaultConfigurationIsVisible = 0;
			defaultConfigurationName = Release;
		};
/* End XCConfigurationList section */
	};
	rootObject = A7E41DAA2E86A1B400FBEF3E /* Project object */;
}
